
Microsoft Visual Studio Solution File, Format Version 12.00
# Visual Studio Version 17
VisualStudioVersion = 17.5.33103.201
MinimumVisualStudioVersion = 10.0.40219.1
Project("{FAE04EC0-301F-11D3-BF4B-00C04F79EFBC}") = "Transliterator.Core", "Transliterator.Core\Transliterator.Core.csproj", "{F7D7CC68-BFCF-4AD6-B1D2-3BC8AC8A78AC}"
EndProject
Project("{FAE04EC0-301F-11D3-BF4B-00C04F79EFBC}") = "Transliterator", "Transliterator\Transliterator.csproj", "{DF82F0E5-BA85-4F71-B14B-1300C4583ED0}"
EndProject
Project("{FAE04EC0-301F-11D3-BF4B-00C04F79EFBC}") = "Transliterator.CLI", "Transliterator.CLI\Transliterator.CLI.csproj", "{635FD3C2-5455-4AF2-A025-004F0430E3FF}"
EndProject
Global
	GlobalSection(SolutionConfigurationPlatforms) = preSolution
		Debug|Any CPU = Debug|Any CPU
		Release|Any CPU = Release|Any CPU
	EndGlobalSection
	GlobalSection(ProjectConfigurationPlatforms) = postSolution
		{F7D7CC68-BFCF-4AD6-B1D2-3BC8AC8A78AC}.Debug|Any CPU.ActiveCfg = Debug|Any CPU
		{F7D7CC68-BFCF-4AD6-B1D2-3BC8AC8A78AC}.Debug|Any CPU.Build.0 = Debug|Any CPU
		{F7D7CC68-BFCF-4AD6-B1D2-3BC8AC8A78AC}.Release|Any CPU.ActiveCfg = Release|Any CPU
		{F7D7CC68-BFCF-4AD6-B1D2-3BC8AC8A78AC}.Release|Any CPU.Build.0 = Release|Any CPU
		{DF82F0E5-BA85-4F71-B14B-1300C4583ED0}.Debug|Any CPU.ActiveCfg = Debug|Any CPU
		{DF82F0E5-BA85-4F71-B14B-1300C4583ED0}.Debug|Any CPU.Build.0 = Debug|Any CPU
		{DF82F0E5-BA85-4F71-B14B-1300C4583ED0}.Release|Any CPU.ActiveCfg = Release|Any CPU
		{DF82F0E5-BA85-4F71-B14B-1300C4583ED0}.Release|Any CPU.Build.0 = Release|Any CPU
		{635FD3C2-5455-4AF2-A025-004F0430E3FF}.Debug|Any CPU.ActiveCfg = Debug|Any CPU
		{635FD3C2-5455-4AF2-A025-004F0430E3FF}.Debug|Any CPU.Build.0 = Debug|Any CPU
		{635FD3C2-5455-4AF2-A025-004F0430E3FF}.Release|Any CPU.ActiveCfg = Release|Any CPU
		{635FD3C2-5455-4AF2-A025-004F0430E3FF}.Release|Any CPU.Build.0 = Release|Any CPU
	EndGlobalSection
	GlobalSection(SolutionProperties) = preSolution
		HideSolutionNode = FALSE
	EndGlobalSection
	GlobalSection(ExtensibilityGlobals) = postSolution
		SolutionGuid = {D08B9698-5FB9-47D5-B7FE-6F49C19DFD91}
	EndGlobalSection
EndGlobal
